
Microsoft Visual Studio Solution File, Format Version 12.00
# Visual Studio Version 17
VisualStudioVersion = 17.1.32421.90
MinimumVisualStudioVersion = 10.0.40219.1
Project("{2150E333-8FDC-42A3-9474-1A3956D46DE8}") = "Task1", "Task1", "{2EFD1A68-EC73-4E63-9155-64CF59E4547B}"
EndProject
Project("{2150E333-8FDC-42A3-9474-1A3956D46DE8}") = "Task2", "Task2", "{28D09792-F2B4-41F5-A145-48B39EBB651D}"
EndProject
Project("{2150E333-8FDC-42A3-9474-1A3956D46DE8}") = "Task3", "Task3", "{0F17BABE-6304-48BE-AA92-8D50D24AE867}"
EndProject
Project("{2150E333-8FDC-42A3-9474-1A3956D46DE8}") = "Task4", "Task4", "{5B73E149-6909-4984-AEAD-A5DD5E951676}"
EndProject
Project("{2150E333-8FDC-42A3-9474-1A3956D46DE8}") = "Task5", "Task5", "{A4AC28DE-3D50-45AC-AA42-B1A782ECA589}"
	ProjectSection(SolutionItems) = preProject
		VDap.Task5\FileCommands.ps1 = VDap.Task5\FileCommands.ps1
		VDap.Task5\NetworkCommands.ps1 = VDap.Task5\NetworkCommands.ps1
		VDap.Task5\OtherCommands.ps1 = VDap.Task5\OtherCommands.ps1
	EndProjectSection
EndProject
Project("{2150E333-8FDC-42A3-9474-1A3956D46DE8}") = "Task7", "Task7", "{AF22D290-B674-40CC-9053-9910FF5C4790}"
EndProject
Project("{9A19103F-16F7-4668-BE54-9A1E7A4F7556}") = "VDap.Task1", "VDap.Task1\VDap.Task1.csproj", "{DF227E9D-8F08-4A78-9CDA-95DDEFBD752C}"
EndProject
Project("{FAE04EC0-301F-11D3-BF4B-00C04F79EFBC}") = "VDap.Task2", "VDap.Task2\VDap.Task2.csproj", "{621AB772-81BB-442F-955F-8B2B80B84E66}"
EndProject
Project("{FAE04EC0-301F-11D3-BF4B-00C04F79EFBC}") = "VDap.Task3", "VDap.Task3\VDap.Task3.csproj", "{5A67688F-C29F-4BBF-9ACD-316D7DC26DF1}"
EndProject
Project("{FAE04EC0-301F-11D3-BF4B-00C04F79EFBC}") = "VDap.Task4", "VDap.Task4\VDap.Task4\VDap.Task4.csproj", "{D7A7E889-1A07-4B9D-BEA9-3D899A98595E}"
EndProject
Project("{FAE04EC0-301F-11D3-BF4B-00C04F79EFBC}") = "Client", "VDap.Task4\Client\Client.csproj", "{BB846712-FBD6-40E5-9012-586BF127A15D}"
EndProject
Project("{FAE04EC0-301F-11D3-BF4B-00C04F79EFBC}") = "Server", "VDap.Task4\Server\Server.csproj", "{85742FB9-5CE2-4259-84FA-C0252FF0CFB5}"
EndProject
Project("{FAE04EC0-301F-11D3-BF4B-00C04F79EFBC}") = "VDap.Task7", "VDap.Task7\VDap.Task7.csproj", "{60C6AD11-6BD9-4F66-8611-DAE57B2FED85}"
EndProject
Global
	GlobalSection(SolutionConfigurationPlatforms) = preSolution
		Debug|Any CPU = Debug|Any CPU
		Release|Any CPU = Release|Any CPU
	EndGlobalSection
	GlobalSection(ProjectConfigurationPlatforms) = postSolution
		{DF227E9D-8F08-4A78-9CDA-95DDEFBD752C}.Debug|Any CPU.ActiveCfg = Debug|Any CPU
		{DF227E9D-8F08-4A78-9CDA-95DDEFBD752C}.Debug|Any CPU.Build.0 = Debug|Any CPU
		{DF227E9D-8F08-4A78-9CDA-95DDEFBD752C}.Release|Any CPU.ActiveCfg = Release|Any CPU
		{DF227E9D-8F08-4A78-9CDA-95DDEFBD752C}.Release|Any CPU.Build.0 = Release|Any CPU
		{621AB772-81BB-442F-955F-8B2B80B84E66}.Debug|Any CPU.ActiveCfg = Debug|Any CPU
		{621AB772-81BB-442F-955F-8B2B80B84E66}.Debug|Any CPU.Build.0 = Debug|Any CPU
		{621AB772-81BB-442F-955F-8B2B80B84E66}.Release|Any CPU.ActiveCfg = Release|Any CPU
		{621AB772-81BB-442F-955F-8B2B80B84E66}.Release|Any CPU.Build.0 = Release|Any CPU
		{5A67688F-C29F-4BBF-9ACD-316D7DC26DF1}.Debug|Any CPU.ActiveCfg = Debug|Any CPU
		{5A67688F-C29F-4BBF-9ACD-316D7DC26DF1}.Debug|Any CPU.Build.0 = Debug|Any CPU
		{5A67688F-C29F-4BBF-9ACD-316D7DC26DF1}.Release|Any CPU.ActiveCfg = Release|Any CPU
		{5A67688F-C29F-4BBF-9ACD-316D7DC26DF1}.Release|Any CPU.Build.0 = Release|Any CPU
		{D7A7E889-1A07-4B9D-BEA9-3D899A98595E}.Debug|Any CPU.ActiveCfg = Debug|Any CPU
		{D7A7E889-1A07-4B9D-BEA9-3D899A98595E}.Debug|Any CPU.Build.0 = Debug|Any CPU
		{D7A7E889-1A07-4B9D-BEA9-3D899A98595E}.Release|Any CPU.ActiveCfg = Release|Any CPU
		{D7A7E889-1A07-4B9D-BEA9-3D899A98595E}.Release|Any CPU.Build.0 = Release|Any CPU
		{BB846712-FBD6-40E5-9012-586BF127A15D}.Debug|Any CPU.ActiveCfg = Debug|Any CPU
		{BB846712-FBD6-40E5-9012-586BF127A15D}.Debug|Any CPU.Build.0 = Debug|Any CPU
		{BB846712-FBD6-40E5-9012-586BF127A15D}.Release|Any CPU.ActiveCfg = Release|Any CPU
		{BB846712-FBD6-40E5-9012-586BF127A15D}.Release|Any CPU.Build.0 = Release|Any CPU
		{85742FB9-5CE2-4259-84FA-C0252FF0CFB5}.Debug|Any CPU.ActiveCfg = Debug|Any CPU
		{85742FB9-5CE2-4259-84FA-C0252FF0CFB5}.Debug|Any CPU.Build.0 = Debug|Any CPU
		{85742FB9-5CE2-4259-84FA-C0252FF0CFB5}.Release|Any CPU.ActiveCfg = Release|Any CPU
		{85742FB9-5CE2-4259-84FA-C0252FF0CFB5}.Release|Any CPU.Build.0 = Release|Any CPU
		{60C6AD11-6BD9-4F66-8611-DAE57B2FED85}.Debug|Any CPU.ActiveCfg = Debug|Any CPU
		{60C6AD11-6BD9-4F66-8611-DAE57B2FED85}.Debug|Any CPU.Build.0 = Debug|Any CPU
		{60C6AD11-6BD9-4F66-8611-DAE57B2FED85}.Release|Any CPU.ActiveCfg = Release|Any CPU
		{60C6AD11-6BD9-4F66-8611-DAE57B2FED85}.Release|Any CPU.Build.0 = Release|Any CPU
	EndGlobalSection
	GlobalSection(SolutionProperties) = preSolution
		HideSolutionNode = FALSE
	EndGlobalSection
	GlobalSection(NestedProjects) = preSolution
		{DF227E9D-8F08-4A78-9CDA-95DDEFBD752C} = {2EFD1A68-EC73-4E63-9155-64CF59E4547B}
		{621AB772-81BB-442F-955F-8B2B80B84E66} = {28D09792-F2B4-41F5-A145-48B39EBB651D}
		{5A67688F-C29F-4BBF-9ACD-316D7DC26DF1} = {0F17BABE-6304-48BE-AA92-8D50D24AE867}
		{D7A7E889-1A07-4B9D-BEA9-3D899A98595E} = {5B73E149-6909-4984-AEAD-A5DD5E951676}
		{BB846712-FBD6-40E5-9012-586BF127A15D} = {5B73E149-6909-4984-AEAD-A5DD5E951676}
		{85742FB9-5CE2-4259-84FA-C0252FF0CFB5} = {5B73E149-6909-4984-AEAD-A5DD5E951676}
		{60C6AD11-6BD9-4F66-8611-DAE57B2FED85} = {AF22D290-B674-40CC-9053-9910FF5C4790}
	EndGlobalSection
	GlobalSection(ExtensibilityGlobals) = postSolution
		SolutionGuid = {D27CD10B-FC2E-4532-AE68-10EE8E1ECC44}
	EndGlobalSection
EndGlobal
